// !$*UTF8*$!
{
	archiveVersion = 1;
	classes = {
	};
	objectVersion = 50;
	objects = {

/* Begin PBXBuildFile section */
		9F89CD552311919200D775AC /* AppDelegate.swift in Sources */ = {isa = PBXBuildFile; fileRef = 9F89CD542311919200D775AC /* AppDelegate.swift */; };
		9F89CD5B2311919200D775AC /* GameScene.swift in Sources */ = {isa = PBXBuildFile; fileRef = 9F89CD5A2311919200D775AC /* GameScene.swift */; };
		9F89CD5D2311919200D775AC /* GameViewController.swift in Sources */ = {isa = PBXBuildFile; fileRef = 9F89CD5C2311919200D775AC /* GameViewController.swift */; };
		9F89CD602311919200D775AC /* Main.storyboard in Resources */ = {isa = PBXBuildFile; fileRef = 9F89CD5E2311919200D775AC /* Main.storyboard */; };
		9F89CD652311919400D775AC /* LaunchScreen.storyboard in Resources */ = {isa = PBXBuildFile; fileRef = 9F89CD632311919400D775AC /* LaunchScreen.storyboard */; };
		9F89CD702311919400D775AC /* HelloGameTests.swift in Sources */ = {isa = PBXBuildFile; fileRef = 9F89CD6F2311919400D775AC /* HelloGameTests.swift */; };
		9F89CD7B2311919400D775AC /* HelloGameUITests.swift in Sources */ = {isa = PBXBuildFile; fileRef = 9F89CD7A2311919400D775AC /* HelloGameUITests.swift */; };
		9FE226672311F3A6000AAC8F /* Settings.swift in Sources */ = {isa = PBXBuildFile; fileRef = 9FE226662311F3A6000AAC8F /* Settings.swift */; };
		9FE2266B23132F79000AAC8F /* Assets.xcassets in Resources */ = {isa = PBXBuildFile; fileRef = 9FE2266A23132F79000AAC8F /* Assets.xcassets */; };
		9FE2266D2313E45D000AAC8F /* MenuScene.swift in Sources */ = {isa = PBXBuildFile; fileRef = 9FE2266C2313E45D000AAC8F /* MenuScene.swift */; };
		9FE2267423191DD1000AAC8F /* yoo.wav in Resources */ = {isa = PBXBuildFile; fileRef = 9FE2267223191DD1000AAC8F /* yoo.wav */; };
		9FE2267523191DD1000AAC8F /* dinger.wav in Resources */ = {isa = PBXBuildFile; fileRef = 9FE2267323191DD1000AAC8F /* dinger.wav */; };
/* End PBXBuildFile section */

/* Begin PBXContainerItemProxy section */
		9F89CD6C2311919400D775AC /* PBXContainerItemProxy */ = {
			isa = PBXContainerItemProxy;
			containerPortal = 9F89CD492311919200D775AC /* Project object */;
			proxyType = 1;
			remoteGlobalIDString = 9F89CD502311919200D775AC;
			remoteInfo = HelloGame;
		};
		9F89CD772311919400D775AC /* PBXContainerItemProxy */ = {
			isa = PBXContainerItemProxy;
			containerPortal = 9F89CD492311919200D775AC /* Project object */;
			proxyType = 1;
			remoteGlobalIDString = 9F89CD502311919200D775AC;
			remoteInfo = HelloGame;
		};
/* End PBXContainerItemProxy section */

/* Begin PBXFileReference section */
		9F89CD512311919200D775AC /* HelloGame.app */ = {isa = PBXFileReference; explicitFileType = wrapper.application; includeInIndex = 0; path = HelloGame.app; sourceTree = BUILT_PRODUCTS_DIR; };
		9F89CD542311919200D775AC /* AppDelegate.swift */ = {isa = PBXFileReference; lastKnownFileType = sourcecode.swift; path = AppDelegate.swift; sourceTree = "<group>"; };
		9F89CD5A2311919200D775AC /* GameScene.swift */ = {isa = PBXFileReference; lastKnownFileType = sourcecode.swift; path = GameScene.swift; sourceTree = "<group>"; };
		9F89CD5C2311919200D775AC /* GameViewController.swift */ = {isa = PBXFileReference; lastKnownFileType = sourcecode.swift; path = GameViewController.swift; sourceTree = "<group>"; };
		9F89CD5F2311919200D775AC /* Base */ = {isa = PBXFileReference; lastKnownFileType = file.storyboard; name = Base; path = Base.lproj/Main.storyboard; sourceTree = "<group>"; };
		9F89CD642311919400D775AC /* Base */ = {isa = PBXFileReference; lastKnownFileType = file.storyboard; name = Base; path = Base.lproj/LaunchScreen.storyboard; sourceTree = "<group>"; };
		9F89CD662311919400D775AC /* Info.plist */ = {isa = PBXFileReference; lastKnownFileType = text.plist.xml; path = Info.plist; sourceTree = "<group>"; };
		9F89CD6B2311919400D775AC /* HelloGameTests.xctest */ = {isa = PBXFileReference; explicitFileType = wrapper.cfbundle; includeInIndex = 0; path = HelloGameTests.xctest; sourceTree = BUILT_PRODUCTS_DIR; };
		9F89CD6F2311919400D775AC /* HelloGameTests.swift */ = {isa = PBXFileReference; lastKnownFileType = sourcecode.swift; path = HelloGameTests.swift; sourceTree = "<group>"; };
		9F89CD712311919400D775AC /* Info.plist */ = {isa = PBXFileReference; lastKnownFileType = text.plist.xml; path = Info.plist; sourceTree = "<group>"; };
		9F89CD762311919400D775AC /* HelloGameUITests.xctest */ = {isa = PBXFileReference; explicitFileType = wrapper.cfbundle; includeInIndex = 0; path = HelloGameUITests.xctest; sourceTree = BUILT_PRODUCTS_DIR; };
		9F89CD7A2311919400D775AC /* HelloGameUITests.swift */ = {isa = PBXFileReference; lastKnownFileType = sourcecode.swift; path = HelloGameUITests.swift; sourceTree = "<group>"; };
		9F89CD7C2311919400D775AC /* Info.plist */ = {isa = PBXFileReference; lastKnownFileType = text.plist.xml; path = Info.plist; sourceTree = "<group>"; };
		9FE226662311F3A6000AAC8F /* Settings.swift */ = {isa = PBXFileReference; lastKnownFileType = sourcecode.swift; path = Settings.swift; sourceTree = "<group>"; };
		9FE2266A23132F79000AAC8F /* Assets.xcassets */ = {isa = PBXFileReference; lastKnownFileType = folder.assetcatalog; path = Assets.xcassets; sourceTree = "<group>"; };
		9FE2266C2313E45D000AAC8F /* MenuScene.swift */ = {isa = PBXFileReference; lastKnownFileType = sourcecode.swift; name = MenuScene.swift; path = HelloGame/Scenes/MenuScene.swift; sourceTree = SOURCE_ROOT; };
		9FE2267223191DD1000AAC8F /* yoo.wav */ = {isa = PBXFileReference; lastKnownFileType = audio.wav; name = yoo.wav; path = ../../../../Source/voiceSource/HelloGame/yoo.wav; sourceTree = "<group>"; };
		9FE2267323191DD1000AAC8F /* dinger.wav */ = {isa = PBXFileReference; lastKnownFileType = audio.wav; name = dinger.wav; path = ../../../../Source/voiceSource/HelloGame/dinger.wav; sourceTree = "<group>"; };
/* End PBXFileReference section */

/* Begin PBXFrameworksBuildPhase section */
		9F89CD4E2311919200D775AC /* Frameworks */ = {
			isa = PBXFrameworksBuildPhase;
			buildActionMask = 2147483647;
			files = (
			);
			runOnlyForDeploymentPostprocessing = 0;
		};
		9F89CD682311919400D775AC /* Frameworks */ = {
			isa = PBXFrameworksBuildPhase;
			buildActionMask = 2147483647;
			files = (
			);
			runOnlyForDeploymentPostprocessing = 0;
		};
		9F89CD732311919400D775AC /* Frameworks */ = {
			isa = PBXFrameworksBuildPhase;
			buildActionMask = 2147483647;
			files = (
			);
			runOnlyForDeploymentPostprocessing = 0;
		};
/* End PBXFrameworksBuildPhase section */

/* Begin PBXGroup section */
		9F89CD482311919200D775AC = {
			isa = PBXGroup;
			children = (
				9F89CD532311919200D775AC /* HelloGame */,
				9F89CD6E2311919400D775AC /* HelloGameTests */,
				9F89CD792311919400D775AC /* HelloGameUITests */,
				9F89CD522311919200D775AC /* Products */,
			);
			sourceTree = "<group>";
		};
		9F89CD522311919200D775AC /* Products */ = {
			isa = PBXGroup;
			children = (
				9F89CD512311919200D775AC /* HelloGame.app */,
				9F89CD6B2311919400D775AC /* HelloGameTests.xctest */,
				9F89CD762311919400D775AC /* HelloGameUITests.xctest */,
			);
			name = Products;
			sourceTree = "<group>";
		};
		9F89CD532311919200D775AC /* HelloGame */ = {
			isa = PBXGroup;
			children = (
				9FE2267323191DD1000AAC8F /* dinger.wav */,
				9FE2267223191DD1000AAC8F /* yoo.wav */,
				9F89CD662311919400D775AC /* Info.plist */,
				9F89CD8B23119A1B00D775AC /* Assets */,
				9F89CD8A23119A0700D775AC /* Temple */,
				9F89CD89231199D600D775AC /* Scenes */,
				9F89CD88231199AD00D775AC /* ViewController */,
			);
			path = HelloGame;
			sourceTree = "<group>";
		};
		9F89CD6E2311919400D775AC /* HelloGameTests */ = {
			isa = PBXGroup;
			children = (
				9F89CD6F2311919400D775AC /* HelloGameTests.swift */,
				9F89CD712311919400D775AC /* Info.plist */,
			);
			path = HelloGameTests;
			sourceTree = "<group>";
		};
		9F89CD792311919400D775AC /* HelloGameUITests */ = {
			isa = PBXGroup;
			children = (
				9F89CD7A2311919400D775AC /* HelloGameUITests.swift */,
				9F89CD7C2311919400D775AC /* Info.plist */,
			);
			path = HelloGameUITests;
			sourceTree = "<group>";
		};
		9F89CD88231199AD00D775AC /* ViewController */ = {
			isa = PBXGroup;
			children = (
				9F89CD5C2311919200D775AC /* GameViewController.swift */,
			);
			path = ViewController;
			sourceTree = "<group>";
		};
		9F89CD89231199D600D775AC /* Scenes */ = {
			isa = PBXGroup;
			children = (
				9F89CD5A2311919200D775AC /* GameScene.swift */,
				9FE2266C2313E45D000AAC8F /* MenuScene.swift */,
			);
			path = Scenes;
			sourceTree = "<group>";
		};
		9F89CD8A23119A0700D775AC /* Temple */ = {
			isa = PBXGroup;
			children = (
				9F89CD542311919200D775AC /* AppDelegate.swift */,
				9FE226662311F3A6000AAC8F /* Settings.swift */,
			);
			path = Temple;
			sourceTree = "<group>";
		};
		9F89CD8B23119A1B00D775AC /* Assets */ = {
			isa = PBXGroup;
			children = (
				9FE2266A23132F79000AAC8F /* Assets.xcassets */,
				9F89CD632311919400D775AC /* LaunchScreen.storyboard */,
				9F89CD5E2311919200D775AC /* Main.storyboard */,
			);
			path = Assets;
			sourceTree = "<group>";
		};
/* End PBXGroup section */

/* Begin PBXNativeTarget section */
		9F89CD502311919200D775AC /* HelloGame */ = {
			isa = PBXNativeTarget;
			buildConfigurationList = 9F89CD7F2311919400D775AC /* Build configuration list for PBXNativeTarget "HelloGame" */;
			buildPhases = (
				9F89CD4D2311919200D775AC /* Sources */,
				9F89CD4E2311919200D775AC /* Frameworks */,
				9F89CD4F2311919200D775AC /* Resources */,
			);
			buildRules = (
			);
			dependencies = (
			);
			name = HelloGame;
			productName = HelloGame;
			productReference = 9F89CD512311919200D775AC /* HelloGame.app */;
			productType = "com.apple.product-type.application";
		};
		9F89CD6A2311919400D775AC /* HelloGameTests */ = {
			isa = PBXNativeTarget;
			buildConfigurationList = 9F89CD822311919400D775AC /* Build configuration list for PBXNativeTarget "HelloGameTests" */;
			buildPhases = (
				9F89CD672311919400D775AC /* Sources */,
				9F89CD682311919400D775AC /* Frameworks */,
				9F89CD692311919400D775AC /* Resources */,
			);
			buildRules = (
			);
			dependencies = (
				9F89CD6D2311919400D775AC /* PBXTargetDependency */,
			);
			name = HelloGameTests;
			productName = HelloGameTests;
			productReference = 9F89CD6B2311919400D775AC /* HelloGameTests.xctest */;
			productType = "com.apple.product-type.bundle.unit-test";
		};
		9F89CD752311919400D775AC /* HelloGameUITests */ = {
			isa = PBXNativeTarget;
			buildConfigurationList = 9F89CD852311919400D775AC /* Build configuration list for PBXNativeTarget "HelloGameUITests" */;
			buildPhases = (
				9F89CD722311919400D775AC /* Sources */,
				9F89CD732311919400D775AC /* Frameworks */,
				9F89CD742311919400D775AC /* Resources */,
			);
			buildRules = (
			);
			dependencies = (
				9F89CD782311919400D775AC /* PBXTargetDependency */,
			);
			name = HelloGameUITests;
			productName = HelloGameUITests;
			productReference = 9F89CD762311919400D775AC /* HelloGameUITests.xctest */;
			productType = "com.apple.product-type.bundle.ui-testing";
		};
/* End PBXNativeTarget section */

/* Begin PBXProject section */
		9F89CD492311919200D775AC /* Project object */ = {
			isa = PBXProject;
			attributes = {
				LastSwiftUpdateCheck = 1100;
				LastUpgradeCheck = 1330;
				ORGANIZATIONNAME = "崔泰毓";
				TargetAttributes = {
					9F89CD502311919200D775AC = {
						CreatedOnToolsVersion = 11.0;
					};
					9F89CD6A2311919400D775AC = {
						CreatedOnToolsVersion = 11.0;
						TestTargetID = 9F89CD502311919200D775AC;
					};
					9F89CD752311919400D775AC = {
						CreatedOnToolsVersion = 11.0;
						TestTargetID = 9F89CD502311919200D775AC;
					};
				};
			};
			buildConfigurationList = 9F89CD4C2311919200D775AC /* Build configuration list for PBXProject "HelloGame" */;
			compatibilityVersion = "Xcode 9.3";
			developmentRegion = en;
			hasScannedForEncodings = 0;
			knownRegions = (
				en,
				Base,
			);
			mainGroup = 9F89CD482311919200D775AC;
			productRefGroup = 9F89CD522311919200D775AC /* Products */;
			projectDirPath = "";
			projectRoot = "";
			targets = (
				9F89CD502311919200D775AC /* HelloGame */,
				9F89CD6A2311919400D775AC /* HelloGameTests */,
				9F89CD752311919400D775AC /* HelloGameUITests */,
			);
		};
/* End PBXProject section */

/* Begin PBXResourcesBuildPhase section */
		9F89CD4F2311919200D775AC /* Resources */ = {
			isa = PBXResourcesBuildPhase;
			buildActionMask = 2147483647;
			files = (
				9F89CD602311919200D775AC /* Main.storyboard in Resources */,
				9FE2266B23132F79000AAC8F /* Assets.xcassets in Resources */,
				9FE2267523191DD1000AAC8F /* dinger.wav in Resources */,
				9FE2267423191DD1000AAC8F /* yoo.wav in Resources */,
				9F89CD652311919400D775AC /* LaunchScreen.storyboard in Resources */,
			);
			runOnlyForDeploymentPostprocessing = 0;
		};
		9F89CD692311919400D775AC /* Resources */ = {
			isa = PBXResourcesBuildPhase;
			buildActionMask = 2147483647;
			files = (
			);
			runOnlyForDeploymentPostprocessing = 0;
		};
		9F89CD742311919400D775AC /* Resources */ = {
			isa = PBXResourcesBuildPhase;
			buildActionMask = 2147483647;
			files = (
			);
			runOnlyForDeploymentPostprocessing = 0;
		};
/* End PBXResourcesBuildPhase section */

/* Begin PBXSourcesBuildPhase section */
		9F89CD4D2311919200D775AC /* Sources */ = {
			isa = PBXSourcesBuildPhase;
			buildActionMask = 2147483647;
			files = (
				9F89CD5B2311919200D775AC /* GameScene.swift in Sources */,
				9F89CD5D2311919200D775AC /* GameViewController.swift in Sources */,
				9FE2266D2313E45D000AAC8F /* MenuScene.swift in Sources */,
				9FE226672311F3A6000AAC8F /* Settings.swift in Sources */,
				9F89CD552311919200D775AC /* AppDelegate.swift in Sources */,
			);
			runOnlyForDeploymentPostprocessing = 0;
		};
		9F89CD672311919400D775AC /* Sources */ = {
			isa = PBXSourcesBuildPhase;
			buildActionMask = 2147483647;
			files = (
				9F89CD702311919400D775AC /* HelloGameTests.swift in Sources */,
			);
			runOnlyForDeploymentPostprocessing = 0;
		};
		9F89CD722311919400D775AC /* Sources */ = {
			isa = PBXSourcesBuildPhase;
			buildActionMask = 2147483647;
			files = (
				9F89CD7B2311919400D775AC /* HelloGameUITests.swift in Sources */,
			);
			runOnlyForDeploymentPostprocessing = 0;
		};
/* End PBXSourcesBuildPhase section */

/* Begin PBXTargetDependency section */
		9F89CD6D2311919400D775AC /* PBXTargetDependency */ = {
			isa = PBXTargetDependency;
			target = 9F89CD502311919200D775AC /* HelloGame */;
			targetProxy = 9F89CD6C2311919400D775AC /* PBXContainerItemProxy */;
		};
		9F89CD782311919400D775AC /* PBXTargetDependency */ = {
			isa = PBXTargetDependency;
			target = 9F89CD502311919200D775AC /* HelloGame */;
			targetProxy = 9F89CD772311919400D775AC /* PBXContainerItemProxy */;
		};
/* End PBXTargetDependency section */

/* Begin PBXVariantGroup section */
		9F89CD5E2311919200D775AC /* Main.storyboard */ = {
			isa = PBXVariantGroup;
			children = (
				9F89CD5F2311919200D775AC /* Base */,
			);
			name = Main.storyboard;
			sourceTree = "<group>";
		};
		9F89CD632311919400D775AC /* LaunchScreen.storyboard */ = {
			isa = PBXVariantGroup;
			children = (
				9F89CD642311919400D775AC /* Base */,
			);
			name = LaunchScreen.storyboard;
			sourceTree = "<group>";
		};
/* End PBXVariantGroup section */

/* Begin XCBuildConfiguration section */
		9F89CD7D2311919400D775AC /* Debug */ = {
			isa = XCBuildConfiguration;
			buildSettings = {
				ALWAYS_SEARCH_USER_PATHS = NO;
				CLANG_ANALYZER_NONNULL = YES;
				CLANG_ANALYZER_NUMBER_OBJECT_CONVERSION = YES_AGGRESSIVE;
				CLANG_CXX_LANGUAGE_STANDARD = "gnu++14";
				CLANG_CXX_LIBRARY = "libc++";
				CLANG_ENABLE_MODULES = YES;
				CLANG_ENABLE_OBJC_ARC = YES;
				CLANG_ENABLE_OBJC_WEAK = YES;
				CLANG_WARN_BLOCK_CAPTURE_AUTORELEASING = YES;
				CLANG_WARN_BOOL_CONVERSION = YES;
				CLANG_WARN_COMMA = YES;
				CLANG_WARN_CONSTANT_CONVERSION = YES;
				CLANG_WARN_DEPRECATED_OBJC_IMPLEMENTATIONS = YES;
				CLANG_WARN_DIRECT_OBJC_ISA_USAGE = YES_ERROR;
				CLANG_WARN_DOCUMENTATION_COMMENTS = YES;
				CLANG_WARN_EMPTY_BODY = YES;
				CLANG_WARN_ENUM_CONVERSION = YES;
				CLANG_WARN_INFINITE_RECURSION = YES;
				CLANG_WARN_INT_CONVERSION = YES;
				CLANG_WARN_NON_LITERAL_NULL_CONVERSION = YES;
				CLANG_WARN_OBJC_IMPLICIT_RETAIN_SELF = YES;
				CLANG_WARN_OBJC_LITERAL_CONVERSION = YES;
				CLANG_WARN_OBJC_ROOT_CLASS = YES_ERROR;
				CLANG_WARN_QUOTED_INCLUDE_IN_FRAMEWORK_HEADER = YES;
				CLANG_WARN_RANGE_LOOP_ANALYSIS = YES;
				CLANG_WARN_STRICT_PROTOTYPES = YES;
				CLANG_WARN_SUSPICIOUS_MOVE = YES;
				CLANG_WARN_UNGUARDED_AVAILABILITY = YES_AGGRESSIVE;
				CLANG_WARN_UNREACHABLE_CODE = YES;
				CLANG_WARN__DUPLICATE_METHOD_MATCH = YES;
				COPY_PHASE_STRIP = NO;
				DEBUG_INFORMATION_FORMAT = dwarf;
				ENABLE_STRICT_OBJC_MSGSEND = YES;
				ENABLE_TESTABILITY = YES;
				GCC_C_LANGUAGE_STANDARD = gnu11;
				GCC_DYNAMIC_NO_PIC = NO;
				GCC_NO_COMMON_BLOCKS = YES;
				GCC_OPTIMIZATION_LEVEL = 0;
				GCC_PREPROCESSOR_DEFINITIONS = (
					"DEBUG=1",
					"$(inherited)",
				);
				GCC_WARN_64_TO_32_BIT_CONVERSION = YES;
				GCC_WARN_ABOUT_RETURN_TYPE = YES_ERROR;
				GCC_WARN_UNDECLARED_SELECTOR = YES;
				GCC_WARN_UNINITIALIZED_AUTOS = YES_AGGRESSIVE;
				GCC_WARN_UNUSED_FUNCTION = YES;
				GCC_WARN_UNUSED_VARIABLE = YES;
				IPHONEOS_DEPLOYMENT_TARGET = 13.0;
				MTL_ENABLE_DEBUG_INFO = INCLUDE_SOURCE;
				MTL_FAST_MATH = YES;
				ONLY_ACTIVE_ARCH = YES;
				SDKROOT = iphoneos;
				SWIFT_ACTIVE_COMPILATION_CONDITIONS = DEBUG;
				SWIFT_OPTIMIZATION_LEVEL = "-Onone";
			};
			name = Debug;
		};
		9F89CD7E2311919400D775AC /* Release */ = {
			isa = XCBuildConfiguration;
			buildSettings = {
				ALWAYS_SEARCH_USER_PATHS = NO;
				CLANG_ANALYZER_NONNULL = YES;
				CLANG_ANALYZER_NUMBER_OBJECT_CONVERSION = YES_AGGRESSIVE;
				CLANG_CXX_LANGUAGE_STANDARD = "gnu++14";
				CLANG_CXX_LIBRARY = "libc++";
				CLANG_ENABLE_MODULES = YES;
				CLANG_ENABLE_OBJC_ARC = YES;
				CLANG_ENABLE_OBJC_WEAK = YES;
				CLANG_WARN_BLOCK_CAPTURE_AUTORELEASING = YES;
				CLANG_WARN_BOOL_CONVERSION = YES;
				CLANG_WARN_COMMA = YES;
				CLANG_WARN_CONSTANT_CONVERSION = YES;
				CLANG_WARN_DEPRECATED_OBJC_IMPLEMENTATIONS = YES;
				CLANG_WARN_DIRECT_OBJC_ISA_USAGE = YES_ERROR;
				CLANG_WARN_DOCUMENTATION_COMMENTS = YES;
				CLANG_WARN_EMPTY_BODY = YES;
				CLANG_WARN_ENUM_CONVERSION = YES;
				CLANG_WARN_INFINITE_RECURSION = YES;
				CLANG_WARN_INT_CONVERSION = YES;
				CLANG_WARN_NON_LITERAL_NULL_CONVERSION = YES;
				CLANG_WARN_OBJC_IMPLICIT_RETAIN_SELF = YES;
				CLANG_WARN_OBJC_LITERAL_CONVERSION = YES;
				CLANG_WARN_OBJC_ROOT_CLASS = YES_ERROR;
				CLANG_WARN_QUOTED_INCLUDE_IN_FRAMEWORK_HEADER = YES;
				CLANG_WARN_RANGE_LOOP_ANALYSIS = YES;
				CLANG_WARN_STRICT_PROTOTYPES = YES;
				CLANG_WARN_SUSPICIOUS_MOVE = YES;
				CLANG_WARN_UNGUARDED_AVAILABILITY = YES_AGGRESSIVE;
				CLANG_WARN_UNREACHABLE_CODE = YES;
				CLANG_WARN__DUPLICATE_METHOD_MATCH = YES;
				COPY_PHASE_STRIP = NO;
				DEBUG_INFORMATION_FORMAT = "dwarf-with-dsym";
				ENABLE_NS_ASSERTIONS = NO;
				ENABLE_STRICT_OBJC_MSGSEND = YES;
				GCC_C_LANGUAGE_STANDARD = gnu11;
				GCC_NO_COMMON_BLOCKS = YES;
				GCC_WARN_64_TO_32_BIT_CONVERSION = YES;
				GCC_WARN_ABOUT_RETURN_TYPE = YES_ERROR;
				GCC_WARN_UNDECLARED_SELECTOR = YES;
				GCC_WARN_UNINITIALIZED_AUTOS = YES_AGGRESSIVE;
				GCC_WARN_UNUSED_FUNCTION = YES;
				GCC_WARN_UNUSED_VARIABLE = YES;
				IPHONEOS_DEPLOYMENT_TARGET = 13.0;
				MTL_ENABLE_DEBUG_INFO = NO;
				MTL_FAST_MATH = YES;
				SDKROOT = iphoneos;
				SWIFT_COMPILATION_MODE = wholemodule;
				SWIFT_OPTIMIZATION_LEVEL = "-O";
				VALIDATE_PRODUCT = YES;
			};
			name = Release;
		};
		9F89CD802311919400D775AC /* Debug */ = {
			isa = XCBuildConfiguration;
			buildSettings = {
				ASSETCATALOG_COMPILER_APPICON_NAME = AppIcon;
				CODE_SIGN_STYLE = Automatic;
				DEVELOPMENT_TEAM = Y76WY4666S;
				INFOPLIST_FILE = HelloGame/Info.plist;
				IPHONEOS_DEPLOYMENT_TARGET = 12.4;
				LD_RUNPATH_SEARCH_PATHS = (
					"$(inherited)",
					"@executable_path/Frameworks",
				);
				PRODUCT_BUNDLE_IDENTIFIER = "---.HelloGame";
				PRODUCT_NAME = "$(TARGET_NAME)";
				SWIFT_VERSION = 5.0;
				TARGETED_DEVICE_FAMILY = "1,2";
			};
			name = Debug;
		};
		9F89CD812311919400D775AC /* Release */ = {
			isa = XCBuildConfiguration;
			buildSettings = {
				ASSETCATALOG_COMPILER_APPICON_NAME = AppIcon;
				CODE_SIGN_STYLE = Automatic;
				DEVELOPMENT_TEAM = Y76WY4666S;
				INFOPLIST_FILE = HelloGame/Info.plist;
				IPHONEOS_DEPLOYMENT_TARGET = 12.4;
				LD_RUNPATH_SEARCH_PATHS = (
					"$(inherited)",
					"@executable_path/Frameworks",
				);
				PRODUCT_BUNDLE_IDENTIFIER = "---.HelloGame";
				PRODUCT_NAME = "$(TARGET_NAME)";
				SWIFT_VERSION = 5.0;
				TARGETED_DEVICE_FAMILY = "1,2";
			};
			name = Release;
		};
		9F89CD832311919400D775AC /* Debug */ = {
			isa = XCBuildConfiguration;
			buildSettings = {
				ALWAYS_EMBED_SWIFT_STANDARD_LIBRARIES = YES;
				BUNDLE_LOADER = "$(TEST_HOST)";
				CODE_SIGN_STYLE = Automatic;
				DEVELOPMENT_TEAM = Y76WY4666S;
				INFOPLIST_FILE = HelloGameTests/Info.plist;
				LD_RUNPATH_SEARCH_PATHS = (
					"$(inherited)",
					"@executable_path/Frameworks",
					"@loader_path/Frameworks",
				);
				PRODUCT_BUNDLE_IDENTIFIER = "---.HelloGameTests";
				PRODUCT_NAME = "$(TARGET_NAME)";
				SWIFT_VERSION = 5.0;
				TARGETED_DEVICE_FAMILY = "1,2";
				TEST_HOST = "$(BUILT_PRODUCTS_DIR)/HelloGame.app/HelloGame";
			};
			name = Debug;
		};
		9F89CD842311919400D775AC /* Release */ = {
			isa = XCBuildConfiguration;
			buildSettings = {
				ALWAYS_EMBED_SWIFT_STANDARD_LIBRARIES = YES;
				BUNDLE_LOADER = "$(TEST_HOST)";
				CODE_SIGN_STYLE = Automatic;
				DEVELOPMENT_TEAM = Y76WY4666S;
				INFOPLIST_FILE = HelloGameTests/Info.plist;
				LD_RUNPATH_SEARCH_PATHS = (
					"$(inherited)",
					"@executable_path/Frameworks",
					"@loader_path/Frameworks",
				);
				PRODUCT_BUNDLE_IDENTIFIER = "---.HelloGameTests";
				PRODUCT_NAME = "$(TARGET_NAME)";
				SWIFT_VERSION = 5.0;
				TARGETED_DEVICE_FAMILY = "1,2";
				TEST_HOST = "$(BUILT_PRODUCTS_DIR)/HelloGame.app/HelloGame";
			};
			name = Release;
		};
		9F89CD862311919400D775AC /* Debug */ = {
			isa = XCBuildConfiguration;
			buildSettings = {
				ALWAYS_EMBED_SWIFT_STANDARD_LIBRARIES = YES;
				CODE_SIGN_STYLE = Automatic;
				DEVELOPMENT_TEAM = Y76WY4666S;
				INFOPLIST_FILE = HelloGameUITests/Info.plist;
				LD_RUNPATH_SEARCH_PATHS = (
					"$(inherited)",
					"@executable_path/Frameworks",
					"@loader_path/Frameworks",
				);
				PRODUCT_BUNDLE_IDENTIFIER = "---.HelloGameUITests";
				PRODUCT_NAME = "$(TARGET_NAME)";
				SWIFT_VERSION = 5.0;
				TARGETED_DEVICE_FAMILY = "1,2";
				TEST_TARGET_NAME = HelloGame;
			};
			name = Debug;
		};
		9F89CD872311919400D775AC /* Release */ = {
			isa = XCBuildConfiguration;
			buildSettings = {
				ALWAYS_EMBED_SWIFT_STANDARD_LIBRARIES = YES;
				CODE_SIGN_STYLE = Automatic;
				DEVELOPMENT_TEAM = Y76WY4666S;
				INFOPLIST_FILE = HelloGameUITests/Info.plist;
				LD_RUNPATH_SEARCH_PATHS = (
					"$(inherited)",
					"@executable_path/Frameworks",
					"@loader_path/Frameworks",
				);
				PRODUCT_BUNDLE_IDENTIFIER = "---.HelloGameUITests";
				PRODUCT_NAME = "$(TARGET_NAME)";
				SWIFT_VERSION = 5.0;
				TARGETED_DEVICE_FAMILY = "1,2";
				TEST_TARGET_NAME = HelloGame;
			};
			name = Release;
		};
/* End XCBuildConfiguration section */

/* Begin XCConfigurationList section */
		9F89CD4C2311919200D775AC /* Build configuration list for PBXProject "HelloGame" */ = {
			isa = XCConfigurationList;
			buildConfigurations = (
				9F89CD7D2311919400D775AC /* Debug */,
				9F89CD7E2311919400D775AC /* Release */,
			);
			defaultConfigurationIsVisible = 0;
			defaultConfigurationName = Release;
		};
		9F89CD7F2311919400D775AC /* Build configuration list for PBXNativeTarget "HelloGame" */ = {
			isa = XCConfigurationList;
			buildConfigurations = (
				9F89CD802311919400D775AC /* Debug */,
				9F89CD812311919400D775AC /* Release */,
			);
			defaultConfigurationIsVisible = 0;
			defaultConfigurationName = Release;
		};
		9F89CD822311919400D775AC /* Build configuration list for PBXNativeTarget "HelloGameTests" */ = {
			isa = XCConfigurationList;
			buildConfigurations = (
				9F89CD832311919400D775AC /* Debug */,
				9F89CD842311919400D775AC /* Release */,
			);
			defaultConfigurationIsVisible = 0;
			defaultConfigurationName = Release;
		};
		9F89CD852311919400D775AC /* Build configuration list for PBXNativeTarget "HelloGameUITests" */ = {
			isa = XCConfigurationList;
			buildConfigurations = (
				9F89CD862311919400D775AC /* Debug */,
				9F89CD872311919400D775AC /* Release */,
			);
			defaultConfigurationIsVisible = 0;
			defaultConfigurationName = Release;
		};
/* End XCConfigurationList section */
	};
	rootObject = 9F89CD492311919200D775AC /* Project object */;
}
